// !$*UTF8*$!
{
	archiveVersion = 1;
	classes = {
	};
	objectVersion = 56;
	objects = {

/* Begin PBXBuildFile section */
		005971532ACA9B9E0019A8D6 /* BehaviorsApp.swift in Sources */ = {isa = PBXBuildFile; fileRef = 005971522ACA9B9E0019A8D6 /* BehaviorsApp.swift */; };
		005971552ACA9B9E0019A8D6 /* ContentView.swift in Sources */ = {isa = PBXBuildFile; fileRef = 005971542ACA9B9E0019A8D6 /* ContentView.swift */; };
		005971572ACA9B9F0019A8D6 /* Assets.xcassets in Resources */ = {isa = PBXBuildFile; fileRef = 005971562ACA9B9F0019A8D6 /* Assets.xcassets */; };
		0059715A2ACA9B9F0019A8D6 /* Preview Assets.xcassets in Resources */ = {isa = PBXBuildFile; fileRef = 005971592ACA9B9F0019A8D6 /* Preview Assets.xcassets */; };
		0059715C2ACA9B9F0019A8D6 /* Persistence.swift in Sources */ = {isa = PBXBuildFile; fileRef = 0059715B2ACA9B9F0019A8D6 /* Persistence.swift */; };
		0059715F2ACA9B9F0019A8D6 /* Behaviors.xcdatamodeld in Sources */ = {isa = PBXBuildFile; fileRef = 0059715D2ACA9B9F0019A8D6 /* Behaviors.xcdatamodeld */; };
		0059716A2ACA9B9F0019A8D6 /* BehaviorsTests.swift in Sources */ = {isa = PBXBuildFile; fileRef = 005971692ACA9B9F0019A8D6 /* BehaviorsTests.swift */; };
		005971742ACA9B9F0019A8D6 /* BehaviorsUITests.swift in Sources */ = {isa = PBXBuildFile; fileRef = 005971732ACA9B9F0019A8D6 /* BehaviorsUITests.swift */; };
		005971762ACA9B9F0019A8D6 /* BehaviorsUITestsLaunchTests.swift in Sources */ = {isa = PBXBuildFile; fileRef = 005971752ACA9B9F0019A8D6 /* BehaviorsUITestsLaunchTests.swift */; };
/* End PBXBuildFile section */

/* Begin PBXContainerItemProxy section */
		005971662ACA9B9F0019A8D6 /* PBXContainerItemProxy */ = {
			isa = PBXContainerItemProxy;
			containerPortal = 005971472ACA9B9E0019A8D6 /* Project object */;
			proxyType = 1;
			remoteGlobalIDString = 0059714E2ACA9B9E0019A8D6;
			remoteInfo = Behaviors;
		};
		005971702ACA9B9F0019A8D6 /* PBXContainerItemProxy */ = {
			isa = PBXContainerItemProxy;
			containerPortal = 005971472ACA9B9E0019A8D6 /* Project object */;
			proxyType = 1;
			remoteGlobalIDString = 0059714E2ACA9B9E0019A8D6;
			remoteInfo = Behaviors;
		};
/* End PBXContainerItemProxy section */

/* Begin PBXFileReference section */
		0059714F2ACA9B9E0019A8D6 /* Behaviors.app */ = {isa = PBXFileReference; explicitFileType = wrapper.application; includeInIndex = 0; path = Behaviors.app; sourceTree = BUILT_PRODUCTS_DIR; };
		005971522ACA9B9E0019A8D6 /* BehaviorsApp.swift */ = {isa = PBXFileReference; lastKnownFileType = sourcecode.swift; path = BehaviorsApp.swift; sourceTree = "<group>"; };
		005971542ACA9B9E0019A8D6 /* ContentView.swift */ = {isa = PBXFileReference; lastKnownFileType = sourcecode.swift; path = ContentView.swift; sourceTree = "<group>"; };
		005971562ACA9B9F0019A8D6 /* Assets.xcassets */ = {isa = PBXFileReference; lastKnownFileType = folder.assetcatalog; path = Assets.xcassets; sourceTree = "<group>"; };
		005971592ACA9B9F0019A8D6 /* Preview Assets.xcassets */ = {isa = PBXFileReference; lastKnownFileType = folder.assetcatalog; path = "Preview Assets.xcassets"; sourceTree = "<group>"; };
		0059715B2ACA9B9F0019A8D6 /* Persistence.swift */ = {isa = PBXFileReference; lastKnownFileType = sourcecode.swift; path = Persistence.swift; sourceTree = "<group>"; };
		0059715E2ACA9B9F0019A8D6 /* Behaviors.xcdatamodel */ = {isa = PBXFileReference; lastKnownFileType = wrapper.xcdatamodel; path = Behaviors.xcdatamodel; sourceTree = "<group>"; };
		005971602ACA9B9F0019A8D6 /* Info.plist */ = {isa = PBXFileReference; lastKnownFileType = text.plist.xml; path = Info.plist; sourceTree = "<group>"; };
		005971652ACA9B9F0019A8D6 /* BehaviorsTests.xctest */ = {isa = PBXFileReference; explicitFileType = wrapper.cfbundle; includeInIndex = 0; path = BehaviorsTests.xctest; sourceTree = BUILT_PRODUCTS_DIR; };
		005971692ACA9B9F0019A8D6 /* BehaviorsTests.swift */ = {isa = PBXFileReference; lastKnownFileType = sourcecode.swift; path = BehaviorsTests.swift; sourceTree = "<group>"; };
		0059716F2ACA9B9F0019A8D6 /* BehaviorsUITests.xctest */ = {isa = PBXFileReference; explicitFileType = wrapper.cfbundle; includeInIndex = 0; path = BehaviorsUITests.xctest; sourceTree = BUILT_PRODUCTS_DIR; };
		005971732ACA9B9F0019A8D6 /* BehaviorsUITests.swift */ = {isa = PBXFileReference; lastKnownFileType = sourcecode.swift; path = BehaviorsUITests.swift; sourceTree = "<group>"; };
		005971752ACA9B9F0019A8D6 /* BehaviorsUITestsLaunchTests.swift */ = {isa = PBXFileReference; lastKnownFileType = sourcecode.swift; path = BehaviorsUITestsLaunchTests.swift; sourceTree = "<group>"; };
/* End PBXFileReference section */

/* Begin PBXFrameworksBuildPhase section */
		0059714C2ACA9B9E0019A8D6 /* Frameworks */ = {
			isa = PBXFrameworksBuildPhase;
			buildActionMask = 2147483647;
			files = (
			);
			runOnlyForDeploymentPostprocessing = 0;
		};
		005971622ACA9B9F0019A8D6 /* Frameworks */ = {
			isa = PBXFrameworksBuildPhase;
			buildActionMask = 2147483647;
			files = (
			);
			runOnlyForDeploymentPostprocessing = 0;
		};
		0059716C2ACA9B9F0019A8D6 /* Frameworks */ = {
			isa = PBXFrameworksBuildPhase;
			buildActionMask = 2147483647;
			files = (
			);
			runOnlyForDeploymentPostprocessing = 0;
		};
/* End PBXFrameworksBuildPhase section */

/* Begin PBXGroup section */
		005971462ACA9B9E0019A8D6 = {
			isa = PBXGroup;
			children = (
				005971512ACA9B9E0019A8D6 /* Behaviors */,
				005971682ACA9B9F0019A8D6 /* BehaviorsTests */,
				005971722ACA9B9F0019A8D6 /* BehaviorsUITests */,
				005971502ACA9B9E0019A8D6 /* Products */,
			);
			sourceTree = "<group>";
		};
		005971502ACA9B9E0019A8D6 /* Products */ = {
			isa = PBXGroup;
			children = (
				0059714F2ACA9B9E0019A8D6 /* Behaviors.app */,
				005971652ACA9B9F0019A8D6 /* BehaviorsTests.xctest */,
				0059716F2ACA9B9F0019A8D6 /* BehaviorsUITests.xctest */,
			);
			name = Products;
			sourceTree = "<group>";
		};
		005971512ACA9B9E0019A8D6 /* Behaviors */ = {
			isa = PBXGroup;
			children = (
				005971522ACA9B9E0019A8D6 /* BehaviorsApp.swift */,
				005971542ACA9B9E0019A8D6 /* ContentView.swift */,
				005971562ACA9B9F0019A8D6 /* Assets.xcassets */,
				0059715B2ACA9B9F0019A8D6 /* Persistence.swift */,
				005971602ACA9B9F0019A8D6 /* Info.plist */,
				0059715D2ACA9B9F0019A8D6 /* Behaviors.xcdatamodeld */,
				005971582ACA9B9F0019A8D6 /* Preview Content */,
			);
			path = Behaviors;
			sourceTree = "<group>";
		};
		005971582ACA9B9F0019A8D6 /* Preview Content */ = {
			isa = PBXGroup;
			children = (
				005971592ACA9B9F0019A8D6 /* Preview Assets.xcassets */,
			);
			path = "Preview Content";
			sourceTree = "<group>";
		};
		005971682ACA9B9F0019A8D6 /* BehaviorsTests */ = {
			isa = PBXGroup;
			children = (
				005971692ACA9B9F0019A8D6 /* BehaviorsTests.swift */,
			);
			path = BehaviorsTests;
			sourceTree = "<group>";
		};
		005971722ACA9B9F0019A8D6 /* BehaviorsUITests */ = {
			isa = PBXGroup;
			children = (
				005971732ACA9B9F0019A8D6 /* BehaviorsUITests.swift */,
				005971752ACA9B9F0019A8D6 /* BehaviorsUITestsLaunchTests.swift */,
			);
			path = BehaviorsUITests;
			sourceTree = "<group>";
		};
/* End PBXGroup section */

/* Begin PBXNativeTarget section */
		0059714E2ACA9B9E0019A8D6 /* Behaviors */ = {
			isa = PBXNativeTarget;
			buildConfigurationList = 005971792ACA9B9F0019A8D6 /* Build configuration list for PBXNativeTarget "Behaviors" */;
			buildPhases = (
				0059714B2ACA9B9E0019A8D6 /* Sources */,
				0059714C2ACA9B9E0019A8D6 /* Frameworks */,
				0059714D2ACA9B9E0019A8D6 /* Resources */,
			);
			buildRules = (
			);
			dependencies = (
			);
			name = Behaviors;
			productName = Behaviors;
			productReference = 0059714F2ACA9B9E0019A8D6 /* Behaviors.app */;
			productType = "com.apple.product-type.application";
		};
		005971642ACA9B9F0019A8D6 /* BehaviorsTests */ = {
			isa = PBXNativeTarget;
			buildConfigurationList = 0059717C2ACA9B9F0019A8D6 /* Build configuration list for PBXNativeTarget "BehaviorsTests" */;
			buildPhases = (
				005971612ACA9B9F0019A8D6 /* Sources */,
				005971622ACA9B9F0019A8D6 /* Frameworks */,
				005971632ACA9B9F0019A8D6 /* Resources */,
			);
			buildRules = (
			);
			dependencies = (
				005971672ACA9B9F0019A8D6 /* PBXTargetDependency */,
			);
			name = BehaviorsTests;
			productName = BehaviorsTests;
			productReference = 005971652ACA9B9F0019A8D6 /* BehaviorsTests.xctest */;
			productType = "com.apple.product-type.bundle.unit-test";
		};
		0059716E2ACA9B9F0019A8D6 /* BehaviorsUITests */ = {
			isa = PBXNativeTarget;
			buildConfigurationList = 0059717F2ACA9B9F0019A8D6 /* Build configuration list for PBXNativeTarget "BehaviorsUITests" */;
			buildPhases = (
				0059716B2ACA9B9F0019A8D6 /* Sources */,
				0059716C2ACA9B9F0019A8D6 /* Frameworks */,
				0059716D2ACA9B9F0019A8D6 /* Resources */,
			);
			buildRules = (
			);
			dependencies = (
				005971712ACA9B9F0019A8D6 /* PBXTargetDependency */,
			);
			name = BehaviorsUITests;
			productName = BehaviorsUITests;
			productReference = 0059716F2ACA9B9F0019A8D6 /* BehaviorsUITests.xctest */;
			productType = "com.apple.product-type.bundle.ui-testing";
		};
/* End PBXNativeTarget section */

/* Begin PBXProject section */
		005971472ACA9B9E0019A8D6 /* Project object */ = {
			isa = PBXProject;
			attributes = {
				BuildIndependentTargetsInParallel = 1;
				LastSwiftUpdateCheck = 1430;
				LastUpgradeCheck = 1430;
				TargetAttributes = {
					0059714E2ACA9B9E0019A8D6 = {
						CreatedOnToolsVersion = 14.3.1;
					};
					005971642ACA9B9F0019A8D6 = {
						CreatedOnToolsVersion = 14.3.1;
						TestTargetID = 0059714E2ACA9B9E0019A8D6;
					};
					0059716E2ACA9B9F0019A8D6 = {
						CreatedOnToolsVersion = 14.3.1;
						TestTargetID = 0059714E2ACA9B9E0019A8D6;
					};
				};
			};
			buildConfigurationList = 0059714A2ACA9B9E0019A8D6 /* Build configuration list for PBXProject "Behaviors" */;
			compatibilityVersion = "Xcode 14.0";
			developmentRegion = en;
			hasScannedForEncodings = 0;
			knownRegions = (
				en,
				Base,
			);
			mainGroup = 005971462ACA9B9E0019A8D6;
			productRefGroup = 005971502ACA9B9E0019A8D6 /* Products */;
			projectDirPath = "";
			projectRoot = "";
			targets = (
				0059714E2ACA9B9E0019A8D6 /* Behaviors */,
				005971642ACA9B9F0019A8D6 /* BehaviorsTests */,
				0059716E2ACA9B9F0019A8D6 /* BehaviorsUITests */,
			);
		};
/* End PBXProject section */

/* Begin PBXResourcesBuildPhase section */
		0059714D2ACA9B9E0019A8D6 /* Resources */ = {
			isa = PBXResourcesBuildPhase;
			buildActionMask = 2147483647;
			files = (
				0059715A2ACA9B9F0019A8D6 /* Preview Assets.xcassets in Resources */,
				005971572ACA9B9F0019A8D6 /* Assets.xcassets in Resources */,
			);
			runOnlyForDeploymentPostprocessing = 0;
		};
		005971632ACA9B9F0019A8D6 /* Resources */ = {
			isa = PBXResourcesBuildPhase;
			buildActionMask = 2147483647;
			files = (
			);
			runOnlyForDeploymentPostprocessing = 0;
		};
		0059716D2ACA9B9F0019A8D6 /* Resources */ = {
			isa = PBXResourcesBuildPhase;
			buildActionMask = 2147483647;
			files = (
			);
			runOnlyForDeploymentPostprocessing = 0;
		};
/* End PBXResourcesBuildPhase section */

/* Begin PBXSourcesBuildPhase section */
		0059714B2ACA9B9E0019A8D6 /* Sources */ = {
			isa = PBXSourcesBuildPhase;
			buildActionMask = 2147483647;
			files = (
				0059715C2ACA9B9F0019A8D6 /* Persistence.swift in Sources */,
				0059715F2ACA9B9F0019A8D6 /* Behaviors.xcdatamodeld in Sources */,
				005971552ACA9B9E0019A8D6 /* ContentView.swift in Sources */,
				005971532ACA9B9E0019A8D6 /* BehaviorsApp.swift in Sources */,
			);
			runOnlyForDeploymentPostprocessing = 0;
		};
		005971612ACA9B9F0019A8D6 /* Sources */ = {
			isa = PBXSourcesBuildPhase;
			buildActionMask = 2147483647;
			files = (
				0059716A2ACA9B9F0019A8D6 /* BehaviorsTests.swift in Sources */,
			);
			runOnlyForDeploymentPostprocessing = 0;
		};
		0059716B2ACA9B9F0019A8D6 /* Sources */ = {
			isa = PBXSourcesBuildPhase;
			buildActionMask = 2147483647;
			files = (
				005971762ACA9B9F0019A8D6 /* BehaviorsUITestsLaunchTests.swift in Sources */,
				005971742ACA9B9F0019A8D6 /* BehaviorsUITests.swift in Sources */,
			);
			runOnlyForDeploymentPostprocessing = 0;
		};
/* End PBXSourcesBuildPhase section */

/* Begin PBXTargetDependency section */
		005971672ACA9B9F0019A8D6 /* PBXTargetDependency */ = {
			isa = PBXTargetDependency;
			target = 0059714E2ACA9B9E0019A8D6 /* Behaviors */;
			targetProxy = 005971662ACA9B9F0019A8D6 /* PBXContainerItemProxy */;
		};
		005971712ACA9B9F0019A8D6 /* PBXTargetDependency */ = {
			isa = PBXTargetDependency;
			target = 0059714E2ACA9B9E0019A8D6 /* Behaviors */;
			targetProxy = 005971702ACA9B9F0019A8D6 /* PBXContainerItemProxy */;
		};
/* End PBXTargetDependency section */

/* Begin XCBuildConfiguration section */
		005971772ACA9B9F0019A8D6 /* Debug */ = {
			isa = XCBuildConfiguration;
			buildSettings = {
				ALWAYS_SEARCH_USER_PATHS = NO;
				CLANG_ANALYZER_NONNULL = YES;
				CLANG_ANALYZER_NUMBER_OBJECT_CONVERSION = YES_AGGRESSIVE;
				CLANG_CXX_LANGUAGE_STANDARD = "gnu++20";
				CLANG_ENABLE_MODULES = YES;
				CLANG_ENABLE_OBJC_ARC = YES;
				CLANG_ENABLE_OBJC_WEAK = YES;
				CLANG_WARN_BLOCK_CAPTURE_AUTORELEASING = YES;
				CLANG_WARN_BOOL_CONVERSION = YES;
				CLANG_WARN_COMMA = YES;
				CLANG_WARN_CONSTANT_CONVERSION = YES;
				CLANG_WARN_DEPRECATED_OBJC_IMPLEMENTATIONS = YES;
				CLANG_WARN_DIRECT_OBJC_ISA_USAGE = YES_ERROR;
				CLANG_WARN_DOCUMENTATION_COMMENTS = YES;
				CLANG_WARN_EMPTY_BODY = YES;
				CLANG_WARN_ENUM_CONVERSION = YES;
				CLANG_WARN_INFINITE_RECURSION = YES;
				CLANG_WARN_INT_CONVERSION = YES;
				CLANG_WARN_NON_LITERAL_NULL_CONVERSION = YES;
				CLANG_WARN_OBJC_IMPLICIT_RETAIN_SELF = YES;
				CLANG_WARN_OBJC_LITERAL_CONVERSION = YES;
				CLANG_WARN_OBJC_ROOT_CLASS = YES_ERROR;
				CLANG_WARN_QUOTED_INCLUDE_IN_FRAMEWORK_HEADER = YES;
				CLANG_WARN_RANGE_LOOP_ANALYSIS = YES;
				CLANG_WARN_STRICT_PROTOTYPES = YES;
				CLANG_WARN_SUSPICIOUS_MOVE = YES;
				CLANG_WARN_UNGUARDED_AVAILABILITY = YES_AGGRESSIVE;
				CLANG_WARN_UNREACHABLE_CODE = YES;
				CLANG_WARN__DUPLICATE_METHOD_MATCH = YES;
				COPY_PHASE_STRIP = NO;
				DEBUG_INFORMATION_FORMAT = dwarf;
				ENABLE_STRICT_OBJC_MSGSEND = YES;
				ENABLE_TESTABILITY = YES;
				GCC_C_LANGUAGE_STANDARD = gnu11;
				GCC_DYNAMIC_NO_PIC = NO;
				GCC_NO_COMMON_BLOCKS = YES;
				GCC_OPTIMIZATION_LEVEL = 0;
				GCC_PREPROCESSOR_DEFINITIONS = (
					"DEBUG=1",
					"$(inherited)",
				);
				GCC_WARN_64_TO_32_BIT_CONVERSION = YES;
				GCC_WARN_ABOUT_RETURN_TYPE = YES_ERROR;
				GCC_WARN_UNDECLARED_SELECTOR = YES;
				GCC_WARN_UNINITIALIZED_AUTOS = YES_AGGRESSIVE;
				GCC_WARN_UNUSED_FUNCTION = YES;
				GCC_WARN_UNUSED_VARIABLE = YES;
				IPHONEOS_DEPLOYMENT_TARGET = 16.4;
				MTL_ENABLE_DEBUG_INFO = INCLUDE_SOURCE;
				MTL_FAST_MATH = YES;
				ONLY_ACTIVE_ARCH = YES;
				SDKROOT = iphoneos;
				SWIFT_ACTIVE_COMPILATION_CONDITIONS = DEBUG;
				SWIFT_OPTIMIZATION_LEVEL = "-Onone";
			};
			name = Debug;
		};
		005971782ACA9B9F0019A8D6 /* Release */ = {
			isa = XCBuildConfiguration;
			buildSettings = {
				ALWAYS_SEARCH_USER_PATHS = NO;
				CLANG_ANALYZER_NONNULL = YES;
				CLANG_ANALYZER_NUMBER_OBJECT_CONVERSION = YES_AGGRESSIVE;
				CLANG_CXX_LANGUAGE_STANDARD = "gnu++20";
				CLANG_ENABLE_MODULES = YES;
				CLANG_ENABLE_OBJC_ARC = YES;
				CLANG_ENABLE_OBJC_WEAK = YES;
				CLANG_WARN_BLOCK_CAPTURE_AUTORELEASING = YES;
				CLANG_WARN_BOOL_CONVERSION = YES;
				CLANG_WARN_COMMA = YES;
				CLANG_WARN_CONSTANT_CONVERSION = YES;
				CLANG_WARN_DEPRECATED_OBJC_IMPLEMENTATIONS = YES;
				CLANG_WARN_DIRECT_OBJC_ISA_USAGE = YES_ERROR;
				CLANG_WARN_DOCUMENTATION_COMMENTS = YES;
				CLANG_WARN_EMPTY_BODY = YES;
				CLANG_WARN_ENUM_CONVERSION = YES;
				CLANG_WARN_INFINITE_RECURSION = YES;
				CLANG_WARN_INT_CONVERSION = YES;
				CLANG_WARN_NON_LITERAL_NULL_CONVERSION = YES;
				CLANG_WARN_OBJC_IMPLICIT_RETAIN_SELF = YES;
				CLANG_WARN_OBJC_LITERAL_CONVERSION = YES;
				CLANG_WARN_OBJC_ROOT_CLASS = YES_ERROR;
				CLANG_WARN_QUOTED_INCLUDE_IN_FRAMEWORK_HEADER = YES;
				CLANG_WARN_RANGE_LOOP_ANALYSIS = YES;
				CLANG_WARN_STRICT_PROTOTYPES = YES;
				CLANG_WARN_SUSPICIOUS_MOVE = YES;
				CLANG_WARN_UNGUARDED_AVAILABILITY = YES_AGGRESSIVE;
				CLANG_WARN_UNREACHABLE_CODE = YES;
				CLANG_WARN__DUPLICATE_METHOD_MATCH = YES;
				COPY_PHASE_STRIP = NO;
				DEBUG_INFORMATION_FORMAT = "dwarf-with-dsym";
				ENABLE_NS_ASSERTIONS = NO;
				ENABLE_STRICT_OBJC_MSGSEND = YES;
				GCC_C_LANGUAGE_STANDARD = gnu11;
				GCC_NO_COMMON_BLOCKS = YES;
				GCC_WARN_64_TO_32_BIT_CONVERSION = YES;
				GCC_WARN_ABOUT_RETURN_TYPE = YES_ERROR;
				GCC_WARN_UNDECLARED_SELECTOR = YES;
				GCC_WARN_UNINITIALIZED_AUTOS = YES_AGGRESSIVE;
				GCC_WARN_UNUSED_FUNCTION = YES;
				GCC_WARN_UNUSED_VARIABLE = YES;
				IPHONEOS_DEPLOYMENT_TARGET = 16.4;
				MTL_ENABLE_DEBUG_INFO = NO;
				MTL_FAST_MATH = YES;
				SDKROOT = iphoneos;
				SWIFT_COMPILATION_MODE = wholemodule;
				SWIFT_OPTIMIZATION_LEVEL = "-O";
				VALIDATE_PRODUCT = YES;
			};
			name = Release;
		};
		0059717A2ACA9B9F0019A8D6 /* Debug */ = {
			isa = XCBuildConfiguration;
			buildSettings = {
				ASSETCATALOG_COMPILER_APPICON_NAME = AppIcon;
				ASSETCATALOG_COMPILER_GLOBAL_ACCENT_COLOR_NAME = AccentColor;
				CODE_SIGN_STYLE = Automatic;
				CURRENT_PROJECT_VERSION = 1;
				DEVELOPMENT_ASSET_PATHS = "\"Behaviors/Preview Content\"";
				DEVELOPMENT_TEAM = C79AZJC924;
				ENABLE_PREVIEWS = YES;
				GENERATE_INFOPLIST_FILE = YES;
				INFOPLIST_KEY_UIApplicationSceneManifest_Generation = YES;
				INFOPLIST_KEY_UIApplicationSupportsIndirectInputEvents = YES;
				INFOPLIST_KEY_UILaunchScreen_Generation = YES;
				INFOPLIST_KEY_UISupportedInterfaceOrientations_iPad = "UIInterfaceOrientationPortrait UIInterfaceOrientationPortraitUpsideDown UIInterfaceOrientationLandscapeLeft UIInterfaceOrientationLandscapeRight";
				INFOPLIST_KEY_UISupportedInterfaceOrientations_iPhone = "UIInterfaceOrientationPortrait UIInterfaceOrientationLandscapeLeft UIInterfaceOrientationLandscapeRight";
				LD_RUNPATH_SEARCH_PATHS = (
					"$(inherited)",
					"@executable_path/Frameworks",
				);
				MARKETING_VERSION = 1.0;
				PRODUCT_BUNDLE_IDENTIFIER = jeffreyyao.Behaviors;
				PRODUCT_NAME = "$(TARGET_NAME)";
				SWIFT_EMIT_LOC_STRINGS = YES;
				SWIFT_VERSION = 5.0;
				TARGETED_DEVICE_FAMILY = "1,2";
			};
			name = Debug;
		};
		0059717B2ACA9B9F0019A8D6 /* Release */ = {
			isa = XCBuildConfiguration;
			buildSettings = {
				ASSETCATALOG_COMPILER_APPICON_NAME = AppIcon;
				ASSETCATALOG_COMPILER_GLOBAL_ACCENT_COLOR_NAME = AccentColor;
				CODE_SIGN_STYLE = Automatic;
				CURRENT_PROJECT_VERSION = 1;
				DEVELOPMENT_ASSET_PATHS = "\"Behaviors/Preview Content\"";
				DEVELOPMENT_TEAM = C79AZJC924;
				ENABLE_PREVIEWS = YES;
				GENERATE_INFOPLIST_FILE = YES;
				INFOPLIST_KEY_UIApplicationSceneManifest_Generation = YES;
				INFOPLIST_KEY_UIApplicationSupportsIndirectInputEvents = YES;
				INFOPLIST_KEY_UILaunchScreen_Generation = YES;
				INFOPLIST_KEY_UISupportedInterfaceOrientations_iPad = "UIInterfaceOrientationPortrait UIInterfaceOrientationPortraitUpsideDown UIInterfaceOrientationLandscapeLeft UIInterfaceOrientationLandscapeRight";
				INFOPLIST_KEY_UISupportedInterfaceOrientations_iPhone = "UIInterfaceOrientationPortrait UIInterfaceOrientationLandscapeLeft UIInterfaceOrientationLandscapeRight";
				LD_RUNPATH_SEARCH_PATHS = (
					"$(inherited)",
					"@executable_path/Frameworks",
				);
				MARKETING_VERSION = 1.0;
				PRODUCT_BUNDLE_IDENTIFIER = jeffreyyao.Behaviors;
				PRODUCT_NAME = "$(TARGET_NAME)";
				SWIFT_EMIT_LOC_STRINGS = YES;
				SWIFT_VERSION = 5.0;
				TARGETED_DEVICE_FAMILY = "1,2";
			};
			name = Release;
		};
		0059717D2ACA9B9F0019A8D6 /* Debug */ = {
			isa = XCBuildConfiguration;
			buildSettings = {
				ALWAYS_EMBED_SWIFT_STANDARD_LIBRARIES = YES;
				BUNDLE_LOADER = "$(TEST_HOST)";
				CODE_SIGN_STYLE = Automatic;
				CURRENT_PROJECT_VERSION = 1;
				DEVELOPMENT_TEAM = C79AZJC924;
				GENERATE_INFOPLIST_FILE = YES;
				IPHONEOS_DEPLOYMENT_TARGET = 16.4;
				MARKETING_VERSION = 1.0;
				PRODUCT_BUNDLE_IDENTIFIER = jeffreyyao.BehaviorsTests;
				PRODUCT_NAME = "$(TARGET_NAME)";
				SWIFT_EMIT_LOC_STRINGS = NO;
				SWIFT_VERSION = 5.0;
				TARGETED_DEVICE_FAMILY = "1,2";
				TEST_HOST = "$(BUILT_PRODUCTS_DIR)/Behaviors.app/$(BUNDLE_EXECUTABLE_FOLDER_PATH)/Behaviors";
			};
			name = Debug;
		};
		0059717E2ACA9B9F0019A8D6 /* Release */ = {
			isa = XCBuildConfiguration;
			buildSettings = {
				ALWAYS_EMBED_SWIFT_STANDARD_LIBRARIES = YES;
				BUNDLE_LOADER = "$(TEST_HOST)";
				CODE_SIGN_STYLE = Automatic;
				CURRENT_PROJECT_VERSION = 1;
				DEVELOPMENT_TEAM = C79AZJC924;
				GENERATE_INFOPLIST_FILE = YES;
				IPHONEOS_DEPLOYMENT_TARGET = 16.4;
				MARKETING_VERSION = 1.0;
				PRODUCT_BUNDLE_IDENTIFIER = jeffreyyao.BehaviorsTests;
				PRODUCT_NAME = "$(TARGET_NAME)";
				SWIFT_EMIT_LOC_STRINGS = NO;
				SWIFT_VERSION = 5.0;
				TARGETED_DEVICE_FAMILY = "1,2";
				TEST_HOST = "$(BUILT_PRODUCTS_DIR)/Behaviors.app/$(BUNDLE_EXECUTABLE_FOLDER_PATH)/Behaviors";
			};
			name = Release;
		};
		005971802ACA9B9F0019A8D6 /* Debug */ = {
			isa = XCBuildConfiguration;
			buildSettings = {
				ALWAYS_EMBED_SWIFT_STANDARD_LIBRARIES = YES;
				CODE_SIGN_STYLE = Automatic;
				CURRENT_PROJECT_VERSION = 1;
				DEVELOPMENT_TEAM = C79AZJC924;
				GENERATE_INFOPLIST_FILE = YES;
				MARKETING_VERSION = 1.0;
				PRODUCT_BUNDLE_IDENTIFIER = jeffreyyao.BehaviorsUITests;
				PRODUCT_NAME = "$(TARGET_NAME)";
				SWIFT_EMIT_LOC_STRINGS = NO;
				SWIFT_VERSION = 5.0;
				TARGETED_DEVICE_FAMILY = "1,2";
				TEST_TARGET_NAME = Behaviors;
			};
			name = Debug;
		};
		005971812ACA9B9F0019A8D6 /* Release */ = {
			isa = XCBuildConfiguration;
			buildSettings = {
				ALWAYS_EMBED_SWIFT_STANDARD_LIBRARIES = YES;
				CODE_SIGN_STYLE = Automatic;
				CURRENT_PROJECT_VERSION = 1;
				DEVELOPMENT_TEAM = C79AZJC924;
				GENERATE_INFOPLIST_FILE = YES;
				MARKETING_VERSION = 1.0;
				PRODUCT_BUNDLE_IDENTIFIER = jeffreyyao.BehaviorsUITests;
				PRODUCT_NAME = "$(TARGET_NAME)";
				SWIFT_EMIT_LOC_STRINGS = NO;
				SWIFT_VERSION = 5.0;
				TARGETED_DEVICE_FAMILY = "1,2";
				TEST_TARGET_NAME = Behaviors;
			};
			name = Release;
		};
/* End XCBuildConfiguration section */

/* Begin XCConfigurationList section */
		0059714A2ACA9B9E0019A8D6 /* Build configuration list for PBXProject "Behaviors" */ = {
			isa = XCConfigurationList;
			buildConfigurations = (
				005971772ACA9B9F0019A8D6 /* Debug */,
				005971782ACA9B9F0019A8D6 /* Release */,
			);
			defaultConfigurationIsVisible = 0;
			defaultConfigurationName = Release;
		};
		005971792ACA9B9F0019A8D6 /* Build configuration list for PBXNativeTarget "Behaviors" */ = {
			isa = XCConfigurationList;
			buildConfigurations = (
				0059717A2ACA9B9F0019A8D6 /* Debug */,
				0059717B2ACA9B9F0019A8D6 /* Release */,
			);
			defaultConfigurationIsVisible = 0;
			defaultConfigurationName = Release;
		};
		0059717C2ACA9B9F0019A8D6 /* Build configuration list for PBXNativeTarget "BehaviorsTests" */ = {
			isa = XCConfigurationList;
			buildConfigurations = (
				0059717D2ACA9B9F0019A8D6 /* Debug */,
				0059717E2ACA9B9F0019A8D6 /* Release */,
			);
			defaultConfigurationIsVisible = 0;
			defaultConfigurationName = Release;
		};
		0059717F2ACA9B9F0019A8D6 /* Build configuration list for PBXNativeTarget "BehaviorsUITests" */ = {
			isa = XCConfigurationList;
			buildConfigurations = (
				005971802ACA9B9F0019A8D6 /* Debug */,
				005971812ACA9B9F0019A8D6 /* Release */,
			);
			defaultConfigurationIsVisible = 0;
			defaultConfigurationName = Release;
		};
/* End XCConfigurationList section */

/* Begin XCVersionGroup section */
		0059715D2ACA9B9F0019A8D6 /* Behaviors.xcdatamodeld */ = {
			isa = XCVersionGroup;
			children = (
				0059715E2ACA9B9F0019A8D6 /* Behaviors.xcdatamodel */,
			);
			currentVersion = 0059715E2ACA9B9F0019A8D6 /* Behaviors.xcdatamodel */;
			path = Behaviors.xcdatamodeld;
			sourceTree = "<group>";
			versionGroupType = wrapper.xcdatamodel;
		};
/* End XCVersionGroup section */
	};
	rootObject = 005971472ACA9B9E0019A8D6 /* Project object */;
}
