// !$*UTF8*$!
{
	archiveVersion = 1;
	classes = {
	};
	objectVersion = 56;
	objects = {

/* Begin PBXBuildFile section */
		00CBB3282AD57C3000FA5245 /* SnapshotApp.swift in Sources */ = {isa = PBXBuildFile; fileRef = 00CBB3272AD57C3000FA5245 /* SnapshotApp.swift */; };
		00CBB32A2AD57C3000FA5245 /* ContentView.swift in Sources */ = {isa = PBXBuildFile; fileRef = 00CBB3292AD57C3000FA5245 /* ContentView.swift */; };
		00CBB32C2AD57C3000FA5245 /* Item.swift in Sources */ = {isa = PBXBuildFile; fileRef = 00CBB32B2AD57C3000FA5245 /* Item.swift */; };
		00CBB32E2AD57C3100FA5245 /* Assets.xcassets in Resources */ = {isa = PBXBuildFile; fileRef = 00CBB32D2AD57C3100FA5245 /* Assets.xcassets */; };
		00CBB3312AD57C3100FA5245 /* Preview Assets.xcassets in Resources */ = {isa = PBXBuildFile; fileRef = 00CBB3302AD57C3100FA5245 /* Preview Assets.xcassets */; };
		00CBB33B2AD57C3100FA5245 /* SnapshotTests.swift in Sources */ = {isa = PBXBuildFile; fileRef = 00CBB33A2AD57C3100FA5245 /* SnapshotTests.swift */; };
		00CBB3452AD57C3100FA5245 /* SnapshotUITests.swift in Sources */ = {isa = PBXBuildFile; fileRef = 00CBB3442AD57C3100FA5245 /* SnapshotUITests.swift */; };
		00CBB3472AD57C3100FA5245 /* SnapshotUITestsLaunchTests.swift in Sources */ = {isa = PBXBuildFile; fileRef = 00CBB3462AD57C3100FA5245 /* SnapshotUITestsLaunchTests.swift */; };
		00CBB3592AD5806400FA5245 /* Behavior.swift in Sources */ = {isa = PBXBuildFile; fileRef = 00CBB3582AD5806400FA5245 /* Behavior.swift */; };
		00CBB35B2AD581EE00FA5245 /* BehaviorViewModel.swift in Sources */ = {isa = PBXBuildFile; fileRef = 00CBB35A2AD581EE00FA5245 /* BehaviorViewModel.swift */; };
/* End PBXBuildFile section */

/* Begin PBXContainerItemProxy section */
		00CBB3372AD57C3100FA5245 /* PBXContainerItemProxy */ = {
			isa = PBXContainerItemProxy;
			containerPortal = 00CBB31C2AD57C3000FA5245 /* Project object */;
			proxyType = 1;
			remoteGlobalIDString = 00CBB3232AD57C3000FA5245;
			remoteInfo = Snapshot;
		};
		00CBB3412AD57C3100FA5245 /* PBXContainerItemProxy */ = {
			isa = PBXContainerItemProxy;
			containerPortal = 00CBB31C2AD57C3000FA5245 /* Project object */;
			proxyType = 1;
			remoteGlobalIDString = 00CBB3232AD57C3000FA5245;
			remoteInfo = Snapshot;
		};
/* End PBXContainerItemProxy section */

/* Begin PBXFileReference section */
		00CBB3242AD57C3000FA5245 /* Snapshot.app */ = {isa = PBXFileReference; explicitFileType = wrapper.application; includeInIndex = 0; path = Snapshot.app; sourceTree = BUILT_PRODUCTS_DIR; };
		00CBB3272AD57C3000FA5245 /* SnapshotApp.swift */ = {isa = PBXFileReference; lastKnownFileType = sourcecode.swift; path = SnapshotApp.swift; sourceTree = "<group>"; };
		00CBB3292AD57C3000FA5245 /* ContentView.swift */ = {isa = PBXFileReference; lastKnownFileType = sourcecode.swift; path = ContentView.swift; sourceTree = "<group>"; };
		00CBB32B2AD57C3000FA5245 /* Item.swift */ = {isa = PBXFileReference; lastKnownFileType = sourcecode.swift; path = Item.swift; sourceTree = "<group>"; };
		00CBB32D2AD57C3100FA5245 /* Assets.xcassets */ = {isa = PBXFileReference; lastKnownFileType = folder.assetcatalog; path = Assets.xcassets; sourceTree = "<group>"; };
		00CBB3302AD57C3100FA5245 /* Preview Assets.xcassets */ = {isa = PBXFileReference; lastKnownFileType = folder.assetcatalog; path = "Preview Assets.xcassets"; sourceTree = "<group>"; };
		00CBB3362AD57C3100FA5245 /* SnapshotTests.xctest */ = {isa = PBXFileReference; explicitFileType = wrapper.cfbundle; includeInIndex = 0; path = SnapshotTests.xctest; sourceTree = BUILT_PRODUCTS_DIR; };
		00CBB33A2AD57C3100FA5245 /* SnapshotTests.swift */ = {isa = PBXFileReference; lastKnownFileType = sourcecode.swift; path = SnapshotTests.swift; sourceTree = "<group>"; };
		00CBB3402AD57C3100FA5245 /* SnapshotUITests.xctest */ = {isa = PBXFileReference; explicitFileType = wrapper.cfbundle; includeInIndex = 0; path = SnapshotUITests.xctest; sourceTree = BUILT_PRODUCTS_DIR; };
		00CBB3442AD57C3100FA5245 /* SnapshotUITests.swift */ = {isa = PBXFileReference; lastKnownFileType = sourcecode.swift; path = SnapshotUITests.swift; sourceTree = "<group>"; };
		00CBB3462AD57C3100FA5245 /* SnapshotUITestsLaunchTests.swift */ = {isa = PBXFileReference; lastKnownFileType = sourcecode.swift; path = SnapshotUITestsLaunchTests.swift; sourceTree = "<group>"; };
		00CBB3582AD5806400FA5245 /* Behavior.swift */ = {isa = PBXFileReference; lastKnownFileType = sourcecode.swift; path = Behavior.swift; sourceTree = "<group>"; };
		00CBB35A2AD581EE00FA5245 /* BehaviorViewModel.swift */ = {isa = PBXFileReference; lastKnownFileType = sourcecode.swift; path = BehaviorViewModel.swift; sourceTree = "<group>"; };
/* End PBXFileReference section */

/* Begin PBXFrameworksBuildPhase section */
		00CBB3212AD57C3000FA5245 /* Frameworks */ = {
			isa = PBXFrameworksBuildPhase;
			buildActionMask = 2147483647;
			files = (
			);
			runOnlyForDeploymentPostprocessing = 0;
		};
		00CBB3332AD57C3100FA5245 /* Frameworks */ = {
			isa = PBXFrameworksBuildPhase;
			buildActionMask = 2147483647;
			files = (
			);
			runOnlyForDeploymentPostprocessing = 0;
		};
		00CBB33D2AD57C3100FA5245 /* Frameworks */ = {
			isa = PBXFrameworksBuildPhase;
			buildActionMask = 2147483647;
			files = (
			);
			runOnlyForDeploymentPostprocessing = 0;
		};
/* End PBXFrameworksBuildPhase section */

/* Begin PBXGroup section */
		00CBB31B2AD57C3000FA5245 = {
			isa = PBXGroup;
			children = (
				00CBB3262AD57C3000FA5245 /* Snapshot */,
				00CBB3392AD57C3100FA5245 /* SnapshotTests */,
				00CBB3432AD57C3100FA5245 /* SnapshotUITests */,
				00CBB3252AD57C3000FA5245 /* Products */,
			);
			sourceTree = "<group>";
		};
		00CBB3252AD57C3000FA5245 /* Products */ = {
			isa = PBXGroup;
			children = (
				00CBB3242AD57C3000FA5245 /* Snapshot.app */,
				00CBB3362AD57C3100FA5245 /* SnapshotTests.xctest */,
				00CBB3402AD57C3100FA5245 /* SnapshotUITests.xctest */,
			);
			name = Products;
			sourceTree = "<group>";
		};
		00CBB3262AD57C3000FA5245 /* Snapshot */ = {
			isa = PBXGroup;
			children = (
				00CBB3572AD57FC100FA5245 /* Resources */,
				00CBB3562AD57FBC00FA5245 /* Utilities */,
				00CBB3552AD57FB800FA5245 /* ViewModels */,
				00CBB3542AD57FB400FA5245 /* Views */,
				00CBB3532AD57F7000FA5245 /* Models */,
				00CBB3272AD57C3000FA5245 /* SnapshotApp.swift */,
				00CBB32F2AD57C3100FA5245 /* Preview Content */,
			);
			path = Snapshot;
			sourceTree = "<group>";
		};
		00CBB32F2AD57C3100FA5245 /* Preview Content */ = {
			isa = PBXGroup;
			children = (
				00CBB3302AD57C3100FA5245 /* Preview Assets.xcassets */,
			);
			path = "Preview Content";
			sourceTree = "<group>";
		};
		00CBB3392AD57C3100FA5245 /* SnapshotTests */ = {
			isa = PBXGroup;
			children = (
				00CBB33A2AD57C3100FA5245 /* SnapshotTests.swift */,
			);
			path = SnapshotTests;
			sourceTree = "<group>";
		};
		00CBB3432AD57C3100FA5245 /* SnapshotUITests */ = {
			isa = PBXGroup;
			children = (
				00CBB3442AD57C3100FA5245 /* SnapshotUITests.swift */,
				00CBB3462AD57C3100FA5245 /* SnapshotUITestsLaunchTests.swift */,
			);
			path = SnapshotUITests;
			sourceTree = "<group>";
		};
		00CBB3532AD57F7000FA5245 /* Models */ = {
			isa = PBXGroup;
			children = (
				00CBB32B2AD57C3000FA5245 /* Item.swift */,
				00CBB3582AD5806400FA5245 /* Behavior.swift */,
			);
			path = Models;
			sourceTree = "<group>";
		};
		00CBB3542AD57FB400FA5245 /* Views */ = {
			isa = PBXGroup;
			children = (
				00CBB3292AD57C3000FA5245 /* ContentView.swift */,
			);
			path = Views;
			sourceTree = "<group>";
		};
		00CBB3552AD57FB800FA5245 /* ViewModels */ = {
			isa = PBXGroup;
			children = (
				00CBB35A2AD581EE00FA5245 /* BehaviorViewModel.swift */,
			);
			path = ViewModels;
			sourceTree = "<group>";
		};
		00CBB3562AD57FBC00FA5245 /* Utilities */ = {
			isa = PBXGroup;
			children = (
			);
			path = Utilities;
			sourceTree = "<group>";
		};
		00CBB3572AD57FC100FA5245 /* Resources */ = {
			isa = PBXGroup;
			children = (
				00CBB32D2AD57C3100FA5245 /* Assets.xcassets */,
			);
			path = Resources;
			sourceTree = "<group>";
		};
/* End PBXGroup section */

/* Begin PBXNativeTarget section */
		00CBB3232AD57C3000FA5245 /* Snapshot */ = {
			isa = PBXNativeTarget;
			buildConfigurationList = 00CBB34A2AD57C3100FA5245 /* Build configuration list for PBXNativeTarget "Snapshot" */;
			buildPhases = (
				00CBB3202AD57C3000FA5245 /* Sources */,
				00CBB3212AD57C3000FA5245 /* Frameworks */,
				00CBB3222AD57C3000FA5245 /* Resources */,
			);
			buildRules = (
			);
			dependencies = (
			);
			name = Snapshot;
			productName = Snapshot;
			productReference = 00CBB3242AD57C3000FA5245 /* Snapshot.app */;
			productType = "com.apple.product-type.application";
		};
		00CBB3352AD57C3100FA5245 /* SnapshotTests */ = {
			isa = PBXNativeTarget;
			buildConfigurationList = 00CBB34D2AD57C3100FA5245 /* Build configuration list for PBXNativeTarget "SnapshotTests" */;
			buildPhases = (
				00CBB3322AD57C3100FA5245 /* Sources */,
				00CBB3332AD57C3100FA5245 /* Frameworks */,
				00CBB3342AD57C3100FA5245 /* Resources */,
			);
			buildRules = (
			);
			dependencies = (
				00CBB3382AD57C3100FA5245 /* PBXTargetDependency */,
			);
			name = SnapshotTests;
			productName = SnapshotTests;
			productReference = 00CBB3362AD57C3100FA5245 /* SnapshotTests.xctest */;
			productType = "com.apple.product-type.bundle.unit-test";
		};
		00CBB33F2AD57C3100FA5245 /* SnapshotUITests */ = {
			isa = PBXNativeTarget;
			buildConfigurationList = 00CBB3502AD57C3100FA5245 /* Build configuration list for PBXNativeTarget "SnapshotUITests" */;
			buildPhases = (
				00CBB33C2AD57C3100FA5245 /* Sources */,
				00CBB33D2AD57C3100FA5245 /* Frameworks */,
				00CBB33E2AD57C3100FA5245 /* Resources */,
			);
			buildRules = (
			);
			dependencies = (
				00CBB3422AD57C3100FA5245 /* PBXTargetDependency */,
			);
			name = SnapshotUITests;
			productName = SnapshotUITests;
			productReference = 00CBB3402AD57C3100FA5245 /* SnapshotUITests.xctest */;
			productType = "com.apple.product-type.bundle.ui-testing";
		};
/* End PBXNativeTarget section */

/* Begin PBXProject section */
		00CBB31C2AD57C3000FA5245 /* Project object */ = {
			isa = PBXProject;
			attributes = {
				BuildIndependentTargetsInParallel = 1;
				LastSwiftUpdateCheck = 1500;
				LastUpgradeCheck = 1500;
				TargetAttributes = {
					00CBB3232AD57C3000FA5245 = {
						CreatedOnToolsVersion = 15.0;
					};
					00CBB3352AD57C3100FA5245 = {
						CreatedOnToolsVersion = 15.0;
						TestTargetID = 00CBB3232AD57C3000FA5245;
					};
					00CBB33F2AD57C3100FA5245 = {
						CreatedOnToolsVersion = 15.0;
						TestTargetID = 00CBB3232AD57C3000FA5245;
					};
				};
			};
			buildConfigurationList = 00CBB31F2AD57C3000FA5245 /* Build configuration list for PBXProject "Snapshot" */;
			compatibilityVersion = "Xcode 14.0";
			developmentRegion = en;
			hasScannedForEncodings = 0;
			knownRegions = (
				en,
				Base,
			);
			mainGroup = 00CBB31B2AD57C3000FA5245;
			productRefGroup = 00CBB3252AD57C3000FA5245 /* Products */;
			projectDirPath = "";
			projectRoot = "";
			targets = (
				00CBB3232AD57C3000FA5245 /* Snapshot */,
				00CBB3352AD57C3100FA5245 /* SnapshotTests */,
				00CBB33F2AD57C3100FA5245 /* SnapshotUITests */,
			);
		};
/* End PBXProject section */

/* Begin PBXResourcesBuildPhase section */
		00CBB3222AD57C3000FA5245 /* Resources */ = {
			isa = PBXResourcesBuildPhase;
			buildActionMask = 2147483647;
			files = (
				00CBB3312AD57C3100FA5245 /* Preview Assets.xcassets in Resources */,
				00CBB32E2AD57C3100FA5245 /* Assets.xcassets in Resources */,
			);
			runOnlyForDeploymentPostprocessing = 0;
		};
		00CBB3342AD57C3100FA5245 /* Resources */ = {
			isa = PBXResourcesBuildPhase;
			buildActionMask = 2147483647;
			files = (
			);
			runOnlyForDeploymentPostprocessing = 0;
		};
		00CBB33E2AD57C3100FA5245 /* Resources */ = {
			isa = PBXResourcesBuildPhase;
			buildActionMask = 2147483647;
			files = (
			);
			runOnlyForDeploymentPostprocessing = 0;
		};
/* End PBXResourcesBuildPhase section */

/* Begin PBXSourcesBuildPhase section */
		00CBB3202AD57C3000FA5245 /* Sources */ = {
			isa = PBXSourcesBuildPhase;
			buildActionMask = 2147483647;
			files = (
				00CBB32A2AD57C3000FA5245 /* ContentView.swift in Sources */,
				00CBB3592AD5806400FA5245 /* Behavior.swift in Sources */,
				00CBB35B2AD581EE00FA5245 /* BehaviorViewModel.swift in Sources */,
				00CBB32C2AD57C3000FA5245 /* Item.swift in Sources */,
				00CBB3282AD57C3000FA5245 /* SnapshotApp.swift in Sources */,
			);
			runOnlyForDeploymentPostprocessing = 0;
		};
		00CBB3322AD57C3100FA5245 /* Sources */ = {
			isa = PBXSourcesBuildPhase;
			buildActionMask = 2147483647;
			files = (
				00CBB33B2AD57C3100FA5245 /* SnapshotTests.swift in Sources */,
			);
			runOnlyForDeploymentPostprocessing = 0;
		};
		00CBB33C2AD57C3100FA5245 /* Sources */ = {
			isa = PBXSourcesBuildPhase;
			buildActionMask = 2147483647;
			files = (
				00CBB3472AD57C3100FA5245 /* SnapshotUITestsLaunchTests.swift in Sources */,
				00CBB3452AD57C3100FA5245 /* SnapshotUITests.swift in Sources */,
			);
			runOnlyForDeploymentPostprocessing = 0;
		};
/* End PBXSourcesBuildPhase section */

/* Begin PBXTargetDependency section */
		00CBB3382AD57C3100FA5245 /* PBXTargetDependency */ = {
			isa = PBXTargetDependency;
			target = 00CBB3232AD57C3000FA5245 /* Snapshot */;
			targetProxy = 00CBB3372AD57C3100FA5245 /* PBXContainerItemProxy */;
		};
		00CBB3422AD57C3100FA5245 /* PBXTargetDependency */ = {
			isa = PBXTargetDependency;
			target = 00CBB3232AD57C3000FA5245 /* Snapshot */;
			targetProxy = 00CBB3412AD57C3100FA5245 /* PBXContainerItemProxy */;
		};
/* End PBXTargetDependency section */

/* Begin XCBuildConfiguration section */
		00CBB3482AD57C3100FA5245 /* Debug */ = {
			isa = XCBuildConfiguration;
			buildSettings = {
				ALWAYS_SEARCH_USER_PATHS = NO;
				ASSETCATALOG_COMPILER_GENERATE_SWIFT_ASSET_SYMBOL_EXTENSIONS = YES;
				CLANG_ANALYZER_NONNULL = YES;
				CLANG_ANALYZER_NUMBER_OBJECT_CONVERSION = YES_AGGRESSIVE;
				CLANG_CXX_LANGUAGE_STANDARD = "gnu++20";
				CLANG_ENABLE_MODULES = YES;
				CLANG_ENABLE_OBJC_ARC = YES;
				CLANG_ENABLE_OBJC_WEAK = YES;
				CLANG_WARN_BLOCK_CAPTURE_AUTORELEASING = YES;
				CLANG_WARN_BOOL_CONVERSION = YES;
				CLANG_WARN_COMMA = YES;
				CLANG_WARN_CONSTANT_CONVERSION = YES;
				CLANG_WARN_DEPRECATED_OBJC_IMPLEMENTATIONS = YES;
				CLANG_WARN_DIRECT_OBJC_ISA_USAGE = YES_ERROR;
				CLANG_WARN_DOCUMENTATION_COMMENTS = YES;
				CLANG_WARN_EMPTY_BODY = YES;
				CLANG_WARN_ENUM_CONVERSION = YES;
				CLANG_WARN_INFINITE_RECURSION = YES;
				CLANG_WARN_INT_CONVERSION = YES;
				CLANG_WARN_NON_LITERAL_NULL_CONVERSION = YES;
				CLANG_WARN_OBJC_IMPLICIT_RETAIN_SELF = YES;
				CLANG_WARN_OBJC_LITERAL_CONVERSION = YES;
				CLANG_WARN_OBJC_ROOT_CLASS = YES_ERROR;
				CLANG_WARN_QUOTED_INCLUDE_IN_FRAMEWORK_HEADER = YES;
				CLANG_WARN_RANGE_LOOP_ANALYSIS = YES;
				CLANG_WARN_STRICT_PROTOTYPES = YES;
				CLANG_WARN_SUSPICIOUS_MOVE = YES;
				CLANG_WARN_UNGUARDED_AVAILABILITY = YES_AGGRESSIVE;
				CLANG_WARN_UNREACHABLE_CODE = YES;
				CLANG_WARN__DUPLICATE_METHOD_MATCH = YES;
				COPY_PHASE_STRIP = NO;
				DEBUG_INFORMATION_FORMAT = dwarf;
				ENABLE_STRICT_OBJC_MSGSEND = YES;
				ENABLE_TESTABILITY = YES;
				ENABLE_USER_SCRIPT_SANDBOXING = YES;
				GCC_C_LANGUAGE_STANDARD = gnu17;
				GCC_DYNAMIC_NO_PIC = NO;
				GCC_NO_COMMON_BLOCKS = YES;
				GCC_OPTIMIZATION_LEVEL = 0;
				GCC_PREPROCESSOR_DEFINITIONS = (
					"DEBUG=1",
					"$(inherited)",
				);
				GCC_WARN_64_TO_32_BIT_CONVERSION = YES;
				GCC_WARN_ABOUT_RETURN_TYPE = YES_ERROR;
				GCC_WARN_UNDECLARED_SELECTOR = YES;
				GCC_WARN_UNINITIALIZED_AUTOS = YES_AGGRESSIVE;
				GCC_WARN_UNUSED_FUNCTION = YES;
				GCC_WARN_UNUSED_VARIABLE = YES;
				IPHONEOS_DEPLOYMENT_TARGET = 17.0;
				LOCALIZATION_PREFERS_STRING_CATALOGS = YES;
				MTL_ENABLE_DEBUG_INFO = INCLUDE_SOURCE;
				MTL_FAST_MATH = YES;
				ONLY_ACTIVE_ARCH = YES;
				SDKROOT = iphoneos;
				SWIFT_ACTIVE_COMPILATION_CONDITIONS = "DEBUG $(inherited)";
				SWIFT_OPTIMIZATION_LEVEL = "-Onone";
			};
			name = Debug;
		};
		00CBB3492AD57C3100FA5245 /* Release */ = {
			isa = XCBuildConfiguration;
			buildSettings = {
				ALWAYS_SEARCH_USER_PATHS = NO;
				ASSETCATALOG_COMPILER_GENERATE_SWIFT_ASSET_SYMBOL_EXTENSIONS = YES;
				CLANG_ANALYZER_NONNULL = YES;
				CLANG_ANALYZER_NUMBER_OBJECT_CONVERSION = YES_AGGRESSIVE;
				CLANG_CXX_LANGUAGE_STANDARD = "gnu++20";
				CLANG_ENABLE_MODULES = YES;
				CLANG_ENABLE_OBJC_ARC = YES;
				CLANG_ENABLE_OBJC_WEAK = YES;
				CLANG_WARN_BLOCK_CAPTURE_AUTORELEASING = YES;
				CLANG_WARN_BOOL_CONVERSION = YES;
				CLANG_WARN_COMMA = YES;
				CLANG_WARN_CONSTANT_CONVERSION = YES;
				CLANG_WARN_DEPRECATED_OBJC_IMPLEMENTATIONS = YES;
				CLANG_WARN_DIRECT_OBJC_ISA_USAGE = YES_ERROR;
				CLANG_WARN_DOCUMENTATION_COMMENTS = YES;
				CLANG_WARN_EMPTY_BODY = YES;
				CLANG_WARN_ENUM_CONVERSION = YES;
				CLANG_WARN_INFINITE_RECURSION = YES;
				CLANG_WARN_INT_CONVERSION = YES;
				CLANG_WARN_NON_LITERAL_NULL_CONVERSION = YES;
				CLANG_WARN_OBJC_IMPLICIT_RETAIN_SELF = YES;
				CLANG_WARN_OBJC_LITERAL_CONVERSION = YES;
				CLANG_WARN_OBJC_ROOT_CLASS = YES_ERROR;
				CLANG_WARN_QUOTED_INCLUDE_IN_FRAMEWORK_HEADER = YES;
				CLANG_WARN_RANGE_LOOP_ANALYSIS = YES;
				CLANG_WARN_STRICT_PROTOTYPES = YES;
				CLANG_WARN_SUSPICIOUS_MOVE = YES;
				CLANG_WARN_UNGUARDED_AVAILABILITY = YES_AGGRESSIVE;
				CLANG_WARN_UNREACHABLE_CODE = YES;
				CLANG_WARN__DUPLICATE_METHOD_MATCH = YES;
				COPY_PHASE_STRIP = NO;
				DEBUG_INFORMATION_FORMAT = "dwarf-with-dsym";
				ENABLE_NS_ASSERTIONS = NO;
				ENABLE_STRICT_OBJC_MSGSEND = YES;
				ENABLE_USER_SCRIPT_SANDBOXING = YES;
				GCC_C_LANGUAGE_STANDARD = gnu17;
				GCC_NO_COMMON_BLOCKS = YES;
				GCC_WARN_64_TO_32_BIT_CONVERSION = YES;
				GCC_WARN_ABOUT_RETURN_TYPE = YES_ERROR;
				GCC_WARN_UNDECLARED_SELECTOR = YES;
				GCC_WARN_UNINITIALIZED_AUTOS = YES_AGGRESSIVE;
				GCC_WARN_UNUSED_FUNCTION = YES;
				GCC_WARN_UNUSED_VARIABLE = YES;
				IPHONEOS_DEPLOYMENT_TARGET = 17.0;
				LOCALIZATION_PREFERS_STRING_CATALOGS = YES;
				MTL_ENABLE_DEBUG_INFO = NO;
				MTL_FAST_MATH = YES;
				SDKROOT = iphoneos;
				SWIFT_COMPILATION_MODE = wholemodule;
				VALIDATE_PRODUCT = YES;
			};
			name = Release;
		};
		00CBB34B2AD57C3100FA5245 /* Debug */ = {
			isa = XCBuildConfiguration;
			buildSettings = {
				ASSETCATALOG_COMPILER_APPICON_NAME = AppIcon;
				ASSETCATALOG_COMPILER_GLOBAL_ACCENT_COLOR_NAME = AccentColor;
				CODE_SIGN_STYLE = Automatic;
				CURRENT_PROJECT_VERSION = 1;
				DEVELOPMENT_ASSET_PATHS = "\"Snapshot/Preview Content\"";
				DEVELOPMENT_TEAM = C79AZJC924;
				ENABLE_PREVIEWS = YES;
				GENERATE_INFOPLIST_FILE = YES;
				INFOPLIST_KEY_UIApplicationSceneManifest_Generation = YES;
				INFOPLIST_KEY_UIApplicationSupportsIndirectInputEvents = YES;
				INFOPLIST_KEY_UILaunchScreen_Generation = YES;
				INFOPLIST_KEY_UISupportedInterfaceOrientations_iPad = "UIInterfaceOrientationPortrait UIInterfaceOrientationPortraitUpsideDown UIInterfaceOrientationLandscapeLeft UIInterfaceOrientationLandscapeRight";
				INFOPLIST_KEY_UISupportedInterfaceOrientations_iPhone = "UIInterfaceOrientationPortrait UIInterfaceOrientationLandscapeLeft UIInterfaceOrientationLandscapeRight";
				LD_RUNPATH_SEARCH_PATHS = (
					"$(inherited)",
					"@executable_path/Frameworks",
				);
				MARKETING_VERSION = 1.0;
				PRODUCT_BUNDLE_IDENTIFIER = jeffreyyao.Snapshot;
				PRODUCT_NAME = "$(TARGET_NAME)";
				SWIFT_EMIT_LOC_STRINGS = YES;
				SWIFT_VERSION = 5.0;
				TARGETED_DEVICE_FAMILY = "1,2";
			};
			name = Debug;
		};
		00CBB34C2AD57C3100FA5245 /* Release */ = {
			isa = XCBuildConfiguration;
			buildSettings = {
				ASSETCATALOG_COMPILER_APPICON_NAME = AppIcon;
				ASSETCATALOG_COMPILER_GLOBAL_ACCENT_COLOR_NAME = AccentColor;
				CODE_SIGN_STYLE = Automatic;
				CURRENT_PROJECT_VERSION = 1;
				DEVELOPMENT_ASSET_PATHS = "\"Snapshot/Preview Content\"";
				DEVELOPMENT_TEAM = C79AZJC924;
				ENABLE_PREVIEWS = YES;
				GENERATE_INFOPLIST_FILE = YES;
				INFOPLIST_KEY_UIApplicationSceneManifest_Generation = YES;
				INFOPLIST_KEY_UIApplicationSupportsIndirectInputEvents = YES;
				INFOPLIST_KEY_UILaunchScreen_Generation = YES;
				INFOPLIST_KEY_UISupportedInterfaceOrientations_iPad = "UIInterfaceOrientationPortrait UIInterfaceOrientationPortraitUpsideDown UIInterfaceOrientationLandscapeLeft UIInterfaceOrientationLandscapeRight";
				INFOPLIST_KEY_UISupportedInterfaceOrientations_iPhone = "UIInterfaceOrientationPortrait UIInterfaceOrientationLandscapeLeft UIInterfaceOrientationLandscapeRight";
				LD_RUNPATH_SEARCH_PATHS = (
					"$(inherited)",
					"@executable_path/Frameworks",
				);
				MARKETING_VERSION = 1.0;
				PRODUCT_BUNDLE_IDENTIFIER = jeffreyyao.Snapshot;
				PRODUCT_NAME = "$(TARGET_NAME)";
				SWIFT_EMIT_LOC_STRINGS = YES;
				SWIFT_VERSION = 5.0;
				TARGETED_DEVICE_FAMILY = "1,2";
			};
			name = Release;
		};
		00CBB34E2AD57C3100FA5245 /* Debug */ = {
			isa = XCBuildConfiguration;
			buildSettings = {
				ALWAYS_EMBED_SWIFT_STANDARD_LIBRARIES = YES;
				BUNDLE_LOADER = "$(TEST_HOST)";
				CODE_SIGN_STYLE = Automatic;
				CURRENT_PROJECT_VERSION = 1;
				DEVELOPMENT_TEAM = C79AZJC924;
				GENERATE_INFOPLIST_FILE = YES;
				IPHONEOS_DEPLOYMENT_TARGET = 17.0;
				MARKETING_VERSION = 1.0;
				PRODUCT_BUNDLE_IDENTIFIER = jeffreyyao.SnapshotTests;
				PRODUCT_NAME = "$(TARGET_NAME)";
				SWIFT_EMIT_LOC_STRINGS = NO;
				SWIFT_VERSION = 5.0;
				TARGETED_DEVICE_FAMILY = "1,2";
				TEST_HOST = "$(BUILT_PRODUCTS_DIR)/Snapshot.app/$(BUNDLE_EXECUTABLE_FOLDER_PATH)/Snapshot";
			};
			name = Debug;
		};
		00CBB34F2AD57C3100FA5245 /* Release */ = {
			isa = XCBuildConfiguration;
			buildSettings = {
				ALWAYS_EMBED_SWIFT_STANDARD_LIBRARIES = YES;
				BUNDLE_LOADER = "$(TEST_HOST)";
				CODE_SIGN_STYLE = Automatic;
				CURRENT_PROJECT_VERSION = 1;
				DEVELOPMENT_TEAM = C79AZJC924;
				GENERATE_INFOPLIST_FILE = YES;
				IPHONEOS_DEPLOYMENT_TARGET = 17.0;
				MARKETING_VERSION = 1.0;
				PRODUCT_BUNDLE_IDENTIFIER = jeffreyyao.SnapshotTests;
				PRODUCT_NAME = "$(TARGET_NAME)";
				SWIFT_EMIT_LOC_STRINGS = NO;
				SWIFT_VERSION = 5.0;
				TARGETED_DEVICE_FAMILY = "1,2";
				TEST_HOST = "$(BUILT_PRODUCTS_DIR)/Snapshot.app/$(BUNDLE_EXECUTABLE_FOLDER_PATH)/Snapshot";
			};
			name = Release;
		};
		00CBB3512AD57C3100FA5245 /* Debug */ = {
			isa = XCBuildConfiguration;
			buildSettings = {
				ALWAYS_EMBED_SWIFT_STANDARD_LIBRARIES = YES;
				CODE_SIGN_STYLE = Automatic;
				CURRENT_PROJECT_VERSION = 1;
				DEVELOPMENT_TEAM = C79AZJC924;
				GENERATE_INFOPLIST_FILE = YES;
				MARKETING_VERSION = 1.0;
				PRODUCT_BUNDLE_IDENTIFIER = jeffreyyao.SnapshotUITests;
				PRODUCT_NAME = "$(TARGET_NAME)";
				SWIFT_EMIT_LOC_STRINGS = NO;
				SWIFT_VERSION = 5.0;
				TARGETED_DEVICE_FAMILY = "1,2";
				TEST_TARGET_NAME = Snapshot;
			};
			name = Debug;
		};
		00CBB3522AD57C3100FA5245 /* Release */ = {
			isa = XCBuildConfiguration;
			buildSettings = {
				ALWAYS_EMBED_SWIFT_STANDARD_LIBRARIES = YES;
				CODE_SIGN_STYLE = Automatic;
				CURRENT_PROJECT_VERSION = 1;
				DEVELOPMENT_TEAM = C79AZJC924;
				GENERATE_INFOPLIST_FILE = YES;
				MARKETING_VERSION = 1.0;
				PRODUCT_BUNDLE_IDENTIFIER = jeffreyyao.SnapshotUITests;
				PRODUCT_NAME = "$(TARGET_NAME)";
				SWIFT_EMIT_LOC_STRINGS = NO;
				SWIFT_VERSION = 5.0;
				TARGETED_DEVICE_FAMILY = "1,2";
				TEST_TARGET_NAME = Snapshot;
			};
			name = Release;
		};
/* End XCBuildConfiguration section */

/* Begin XCConfigurationList section */
		00CBB31F2AD57C3000FA5245 /* Build configuration list for PBXProject "Snapshot" */ = {
			isa = XCConfigurationList;
			buildConfigurations = (
				00CBB3482AD57C3100FA5245 /* Debug */,
				00CBB3492AD57C3100FA5245 /* Release */,
			);
			defaultConfigurationIsVisible = 0;
			defaultConfigurationName = Release;
		};
		00CBB34A2AD57C3100FA5245 /* Build configuration list for PBXNativeTarget "Snapshot" */ = {
			isa = XCConfigurationList;
			buildConfigurations = (
				00CBB34B2AD57C3100FA5245 /* Debug */,
				00CBB34C2AD57C3100FA5245 /* Release */,
			);
			defaultConfigurationIsVisible = 0;
			defaultConfigurationName = Release;
		};
		00CBB34D2AD57C3100FA5245 /* Build configuration list for PBXNativeTarget "SnapshotTests" */ = {
			isa = XCConfigurationList;
			buildConfigurations = (
				00CBB34E2AD57C3100FA5245 /* Debug */,
				00CBB34F2AD57C3100FA5245 /* Release */,
			);
			defaultConfigurationIsVisible = 0;
			defaultConfigurationName = Release;
		};
		00CBB3502AD57C3100FA5245 /* Build configuration list for PBXNativeTarget "SnapshotUITests" */ = {
			isa = XCConfigurationList;
			buildConfigurations = (
				00CBB3512AD57C3100FA5245 /* Debug */,
				00CBB3522AD57C3100FA5245 /* Release */,
			);
			defaultConfigurationIsVisible = 0;
			defaultConfigurationName = Release;
		};
/* End XCConfigurationList section */
	};
	rootObject = 00CBB31C2AD57C3000FA5245 /* Project object */;
}
